SITE
  remote: http://community.opscode.com/api/v1
  specs:
    apt (2.3.0)
    build-essential (1.4.2)
    mysql (4.0.6)
      build-essential (~> 1.4)
      openssl (~> 1.1)
    openssl (1.1.0)
    redisio (1.7.0)
      ulimit (>= 0.1.2)
    sudo (2.2.2)
    ulimit (0.3.2)
    yum (2.4.2)

GIT
  remote: git@github.com:mojolingo/ejabberd.git
  ref: master
  sha: 2f1f53981470d2f4cf941839cebc80fdba62f056
  specs:
    ejabberd (0.1.0)

GIT
  remote: https://github.com/edelight/chef-solo-search.git
  ref: master
  sha: 681f78a108f5f8a3655551b32d9939603628c568
  specs:
    chef-solo-search (0.5.1)

GIT
  remote: https://github.com/mojolingo/freeswitch-cookbook.git
  ref: master
  sha: 3acd623510b0c771362ba3fa187c06b1769e5a57
  specs:
    freeswitch (0.2.0)
      apt (~> 2.2)

DEPENDENCIES
  apt (>= 0)
  chef-solo-search (>= 0)
  ejabberd (>= 0)
  freeswitch (>= 0)
  mysql (>= 0)
  redisio (>= 0)
  sudo (>= 0)
  yum (>= 0)

